# This file is automatically @generated by Cargo.
# It is not intended for manual editing.
[[package]]
name = "repl_framework"
version = "0.1.73"
dependencies = [
 "repl_framework_proc_macros",
]

[[package]]
name = "repl_framework_proc_macros"
version = "0.1.1"
source = "registry+https://github.com/rust-lang/crates.io-index"
checksum = "72b6bca18978f79713bbdf027717ec491a92fa93737ee259e5af99be6844a1e7"
